// !$*UTF8*$!
{
	archiveVersion = 1;
	classes = {
	};
	objectVersion = 56;
	objects = {

/* Begin PBXBuildFile section */
		B77275912A34D82D00AE7170 /* PokedexSwiftUIApp.swift in Sources */ = {isa = PBXBuildFile; fileRef = B77275902A34D82D00AE7170 /* PokedexSwiftUIApp.swift */; };
		B77275932A34D82D00AE7170 /* ContentView.swift in Sources */ = {isa = PBXBuildFile; fileRef = B77275922A34D82D00AE7170 /* ContentView.swift */; };
		B77275952A34D82E00AE7170 /* Assets.xcassets in Resources */ = {isa = PBXBuildFile; fileRef = B77275942A34D82E00AE7170 /* Assets.xcassets */; };
		B77275982A34D82E00AE7170 /* Preview Assets.xcassets in Resources */ = {isa = PBXBuildFile; fileRef = B77275972A34D82E00AE7170 /* Preview Assets.xcassets */; };
		B77275A22A34D8E000AE7170 /* PokemonCell.swift in Sources */ = {isa = PBXBuildFile; fileRef = B77275A12A34D8E000AE7170 /* PokemonCell.swift */; };
		B77275A42A34DF0300AE7170 /* PokedexView.swift in Sources */ = {isa = PBXBuildFile; fileRef = B77275A32A34DF0300AE7170 /* PokedexView.swift */; };
		B77275A62A34E0E700AE7170 /* Pokemon.swift in Sources */ = {isa = PBXBuildFile; fileRef = B77275A52A34E0E700AE7170 /* Pokemon.swift */; };
		B77275A82A34E33300AE7170 /* PokemonViewModel.swift in Sources */ = {isa = PBXBuildFile; fileRef = B77275A72A34E33300AE7170 /* PokemonViewModel.swift */; };
		B77275AB2A34E70C00AE7170 /* Kingfisher in Frameworks */ = {isa = PBXBuildFile; productRef = B77275AA2A34E70C00AE7170 /* Kingfisher */; };
/* End PBXBuildFile section */

/* Begin PBXFileReference section */
		B772758D2A34D82D00AE7170 /* PokedexSwiftUI.app */ = {isa = PBXFileReference; explicitFileType = wrapper.application; includeInIndex = 0; path = PokedexSwiftUI.app; sourceTree = BUILT_PRODUCTS_DIR; };
		B77275902A34D82D00AE7170 /* PokedexSwiftUIApp.swift */ = {isa = PBXFileReference; lastKnownFileType = sourcecode.swift; path = PokedexSwiftUIApp.swift; sourceTree = "<group>"; };
		B77275922A34D82D00AE7170 /* ContentView.swift */ = {isa = PBXFileReference; lastKnownFileType = sourcecode.swift; path = ContentView.swift; sourceTree = "<group>"; };
		B77275942A34D82E00AE7170 /* Assets.xcassets */ = {isa = PBXFileReference; lastKnownFileType = folder.assetcatalog; path = Assets.xcassets; sourceTree = "<group>"; };
		B77275972A34D82E00AE7170 /* Preview Assets.xcassets */ = {isa = PBXFileReference; lastKnownFileType = folder.assetcatalog; path = "Preview Assets.xcassets"; sourceTree = "<group>"; };
		B77275A12A34D8E000AE7170 /* PokemonCell.swift */ = {isa = PBXFileReference; lastKnownFileType = sourcecode.swift; path = PokemonCell.swift; sourceTree = "<group>"; };
		B77275A32A34DF0300AE7170 /* PokedexView.swift */ = {isa = PBXFileReference; lastKnownFileType = sourcecode.swift; path = PokedexView.swift; sourceTree = "<group>"; };
		B77275A52A34E0E700AE7170 /* Pokemon.swift */ = {isa = PBXFileReference; lastKnownFileType = sourcecode.swift; path = Pokemon.swift; sourceTree = "<group>"; };
		B77275A72A34E33300AE7170 /* PokemonViewModel.swift */ = {isa = PBXFileReference; lastKnownFileType = sourcecode.swift; path = PokemonViewModel.swift; sourceTree = "<group>"; };
/* End PBXFileReference section */

/* Begin PBXFrameworksBuildPhase section */
		B772758A2A34D82D00AE7170 /* Frameworks */ = {
			isa = PBXFrameworksBuildPhase;
			buildActionMask = 2147483647;
			files = (
				B77275AB2A34E70C00AE7170 /* Kingfisher in Frameworks */,
			);
			runOnlyForDeploymentPostprocessing = 0;
		};
/* End PBXFrameworksBuildPhase section */

/* Begin PBXGroup section */
		B77275842A34D82D00AE7170 = {
			isa = PBXGroup;
			children = (
				B772758F2A34D82D00AE7170 /* PokedexSwiftUI */,
				B772758E2A34D82D00AE7170 /* Products */,
			);
			sourceTree = "<group>";
		};
		B772758E2A34D82D00AE7170 /* Products */ = {
			isa = PBXGroup;
			children = (
				B772758D2A34D82D00AE7170 /* PokedexSwiftUI.app */,
			);
			name = Products;
			sourceTree = "<group>";
		};
		B772758F2A34D82D00AE7170 /* PokedexSwiftUI */ = {
			isa = PBXGroup;
			children = (
				B77275A02A34D88200AE7170 /* Model */,
				B772759F2A34D87D00AE7170 /* ViewModel */,
				B772759E2A34D87300AE7170 /* View */,
				B77275902A34D82D00AE7170 /* PokedexSwiftUIApp.swift */,
				B77275922A34D82D00AE7170 /* ContentView.swift */,
				B77275942A34D82E00AE7170 /* Assets.xcassets */,
				B77275962A34D82E00AE7170 /* Preview Content */,
			);
			path = PokedexSwiftUI;
			sourceTree = "<group>";
		};
		B77275962A34D82E00AE7170 /* Preview Content */ = {
			isa = PBXGroup;
			children = (
				B77275972A34D82E00AE7170 /* Preview Assets.xcassets */,
			);
			path = "Preview Content";
			sourceTree = "<group>";
		};
		B772759E2A34D87300AE7170 /* View */ = {
			isa = PBXGroup;
			children = (
				B77275A12A34D8E000AE7170 /* PokemonCell.swift */,
				B77275A32A34DF0300AE7170 /* PokedexView.swift */,
			);
			path = View;
			sourceTree = "<group>";
		};
		B772759F2A34D87D00AE7170 /* ViewModel */ = {
			isa = PBXGroup;
			children = (
				B77275A72A34E33300AE7170 /* PokemonViewModel.swift */,
			);
			path = ViewModel;
			sourceTree = "<group>";
		};
		B77275A02A34D88200AE7170 /* Model */ = {
			isa = PBXGroup;
			children = (
				B77275A52A34E0E700AE7170 /* Pokemon.swift */,
			);
			path = Model;
			sourceTree = "<group>";
		};
/* End PBXGroup section */

/* Begin PBXNativeTarget section */
		B772758C2A34D82D00AE7170 /* PokedexSwiftUI */ = {
			isa = PBXNativeTarget;
			buildConfigurationList = B772759B2A34D82E00AE7170 /* Build configuration list for PBXNativeTarget "PokedexSwiftUI" */;
			buildPhases = (
				B77275892A34D82D00AE7170 /* Sources */,
				B772758A2A34D82D00AE7170 /* Frameworks */,
				B772758B2A34D82D00AE7170 /* Resources */,
			);
			buildRules = (
			);
			dependencies = (
			);
			name = PokedexSwiftUI;
			packageProductDependencies = (
				B77275AA2A34E70C00AE7170 /* Kingfisher */,
			);
			productName = PokedexSwiftUI;
			productReference = B772758D2A34D82D00AE7170 /* PokedexSwiftUI.app */;
			productType = "com.apple.product-type.application";
		};
/* End PBXNativeTarget section */

/* Begin PBXProject section */
		B77275852A34D82D00AE7170 /* Project object */ = {
			isa = PBXProject;
			attributes = {
				BuildIndependentTargetsInParallel = 1;
				LastSwiftUpdateCheck = 1500;
				LastUpgradeCheck = 1500;
				TargetAttributes = {
					B772758C2A34D82D00AE7170 = {
						CreatedOnToolsVersion = 15.0;
					};
				};
			};
			buildConfigurationList = B77275882A34D82D00AE7170 /* Build configuration list for PBXProject "PokedexSwiftUI" */;
			compatibilityVersion = "Xcode 14.0";
			developmentRegion = en;
			hasScannedForEncodings = 0;
			knownRegions = (
				en,
				Base,
			);
			mainGroup = B77275842A34D82D00AE7170;
			packageReferences = (
				B77275A92A34E70C00AE7170 /* XCRemoteSwiftPackageReference "Kingfisher" */,
			);
			productRefGroup = B772758E2A34D82D00AE7170 /* Products */;
			projectDirPath = "";
			projectRoot = "";
			targets = (
				B772758C2A34D82D00AE7170 /* PokedexSwiftUI */,
			);
		};
/* End PBXProject section */

/* Begin PBXResourcesBuildPhase section */
		B772758B2A34D82D00AE7170 /* Resources */ = {
			isa = PBXResourcesBuildPhase;
			buildActionMask = 2147483647;
			files = (
				B77275982A34D82E00AE7170 /* Preview Assets.xcassets in Resources */,
				B77275952A34D82E00AE7170 /* Assets.xcassets in Resources */,
			);
			runOnlyForDeploymentPostprocessing = 0;
		};
/* End PBXResourcesBuildPhase section */

/* Begin PBXSourcesBuildPhase section */
		B77275892A34D82D00AE7170 /* Sources */ = {
			isa = PBXSourcesBuildPhase;
			buildActionMask = 2147483647;
			files = (
				B77275A62A34E0E700AE7170 /* Pokemon.swift in Sources */,
				B77275932A34D82D00AE7170 /* ContentView.swift in Sources */,
				B77275A82A34E33300AE7170 /* PokemonViewModel.swift in Sources */,
				B77275912A34D82D00AE7170 /* PokedexSwiftUIApp.swift in Sources */,
				B77275A22A34D8E000AE7170 /* PokemonCell.swift in Sources */,
				B77275A42A34DF0300AE7170 /* PokedexView.swift in Sources */,
			);
			runOnlyForDeploymentPostprocessing = 0;
		};
/* End PBXSourcesBuildPhase section */

/* Begin XCBuildConfiguration section */
		B77275992A34D82E00AE7170 /* Debug */ = {
			isa = XCBuildConfiguration;
			buildSettings = {
				ALWAYS_SEARCH_USER_PATHS = NO;
				ASSETCATALOG_COMPILER_GENERATE_SWIFT_ASSET_SYMBOL_EXTENSIONS = YES;
				CLANG_ANALYZER_NONNULL = YES;
				CLANG_ANALYZER_NUMBER_OBJECT_CONVERSION = YES_AGGRESSIVE;
				CLANG_CXX_LANGUAGE_STANDARD = "gnu++20";
				CLANG_ENABLE_MODULES = YES;
				CLANG_ENABLE_OBJC_ARC = YES;
				CLANG_ENABLE_OBJC_WEAK = YES;
				CLANG_WARN_BLOCK_CAPTURE_AUTORELEASING = YES;
				CLANG_WARN_BOOL_CONVERSION = YES;
				CLANG_WARN_COMMA = YES;
				CLANG_WARN_CONSTANT_CONVERSION = YES;
				CLANG_WARN_DEPRECATED_OBJC_IMPLEMENTATIONS = YES;
				CLANG_WARN_DIRECT_OBJC_ISA_USAGE = YES_ERROR;
				CLANG_WARN_DOCUMENTATION_COMMENTS = YES;
				CLANG_WARN_EMPTY_BODY = YES;
				CLANG_WARN_ENUM_CONVERSION = YES;
				CLANG_WARN_INFINITE_RECURSION = YES;
				CLANG_WARN_INT_CONVERSION = YES;
				CLANG_WARN_NON_LITERAL_NULL_CONVERSION = YES;
				CLANG_WARN_OBJC_IMPLICIT_RETAIN_SELF = YES;
				CLANG_WARN_OBJC_LITERAL_CONVERSION = YES;
				CLANG_WARN_OBJC_ROOT_CLASS = YES_ERROR;
				CLANG_WARN_QUOTED_INCLUDE_IN_FRAMEWORK_HEADER = YES;
				CLANG_WARN_RANGE_LOOP_ANALYSIS = YES;
				CLANG_WARN_STRICT_PROTOTYPES = YES;
				CLANG_WARN_SUSPICIOUS_MOVE = YES;
				CLANG_WARN_UNGUARDED_AVAILABILITY = YES_AGGRESSIVE;
				CLANG_WARN_UNREACHABLE_CODE = YES;
				CLANG_WARN__DUPLICATE_METHOD_MATCH = YES;
				COPY_PHASE_STRIP = NO;
				DEBUG_INFORMATION_FORMAT = dwarf;
				ENABLE_STRICT_OBJC_MSGSEND = YES;
				ENABLE_TESTABILITY = YES;
				ENABLE_USER_SCRIPT_SANDBOXING = YES;
				GCC_C_LANGUAGE_STANDARD = gnu17;
				GCC_DYNAMIC_NO_PIC = NO;
				GCC_NO_COMMON_BLOCKS = YES;
				GCC_OPTIMIZATION_LEVEL = 0;
				GCC_PREPROCESSOR_DEFINITIONS = (
					"DEBUG=1",
					"$(inherited)",
				);
				GCC_WARN_64_TO_32_BIT_CONVERSION = YES;
				GCC_WARN_ABOUT_RETURN_TYPE = YES_ERROR;
				GCC_WARN_UNDECLARED_SELECTOR = YES;
				GCC_WARN_UNINITIALIZED_AUTOS = YES_AGGRESSIVE;
				GCC_WARN_UNUSED_FUNCTION = YES;
				GCC_WARN_UNUSED_VARIABLE = YES;
				IPHONEOS_DEPLOYMENT_TARGET = 17.0;
				LOCALIZATION_PREFERS_STRING_CATALOGS = YES;
				MTL_ENABLE_DEBUG_INFO = INCLUDE_SOURCE;
				MTL_FAST_MATH = YES;
				ONLY_ACTIVE_ARCH = YES;
				SDKROOT = iphoneos;
				SWIFT_ACTIVE_COMPILATION_CONDITIONS = "DEBUG $(inherited)";
				SWIFT_OPTIMIZATION_LEVEL = "-Onone";
			};
			name = Debug;
		};
		B772759A2A34D82E00AE7170 /* Release */ = {
			isa = XCBuildConfiguration;
			buildSettings = {
				ALWAYS_SEARCH_USER_PATHS = NO;
				ASSETCATALOG_COMPILER_GENERATE_SWIFT_ASSET_SYMBOL_EXTENSIONS = YES;
				CLANG_ANALYZER_NONNULL = YES;
				CLANG_ANALYZER_NUMBER_OBJECT_CONVERSION = YES_AGGRESSIVE;
				CLANG_CXX_LANGUAGE_STANDARD = "gnu++20";
				CLANG_ENABLE_MODULES = YES;
				CLANG_ENABLE_OBJC_ARC = YES;
				CLANG_ENABLE_OBJC_WEAK = YES;
				CLANG_WARN_BLOCK_CAPTURE_AUTORELEASING = YES;
				CLANG_WARN_BOOL_CONVERSION = YES;
				CLANG_WARN_COMMA = YES;
				CLANG_WARN_CONSTANT_CONVERSION = YES;
				CLANG_WARN_DEPRECATED_OBJC_IMPLEMENTATIONS = YES;
				CLANG_WARN_DIRECT_OBJC_ISA_USAGE = YES_ERROR;
				CLANG_WARN_DOCUMENTATION_COMMENTS = YES;
				CLANG_WARN_EMPTY_BODY = YES;
				CLANG_WARN_ENUM_CONVERSION = YES;
				CLANG_WARN_INFINITE_RECURSION = YES;
				CLANG_WARN_INT_CONVERSION = YES;
				CLANG_WARN_NON_LITERAL_NULL_CONVERSION = YES;
				CLANG_WARN_OBJC_IMPLICIT_RETAIN_SELF = YES;
				CLANG_WARN_OBJC_LITERAL_CONVERSION = YES;
				CLANG_WARN_OBJC_ROOT_CLASS = YES_ERROR;
				CLANG_WARN_QUOTED_INCLUDE_IN_FRAMEWORK_HEADER = YES;
				CLANG_WARN_RANGE_LOOP_ANALYSIS = YES;
				CLANG_WARN_STRICT_PROTOTYPES = YES;
				CLANG_WARN_SUSPICIOUS_MOVE = YES;
				CLANG_WARN_UNGUARDED_AVAILABILITY = YES_AGGRESSIVE;
				CLANG_WARN_UNREACHABLE_CODE = YES;
				CLANG_WARN__DUPLICATE_METHOD_MATCH = YES;
				COPY_PHASE_STRIP = NO;
				DEBUG_INFORMATION_FORMAT = "dwarf-with-dsym";
				ENABLE_NS_ASSERTIONS = NO;
				ENABLE_STRICT_OBJC_MSGSEND = YES;
				ENABLE_USER_SCRIPT_SANDBOXING = YES;
				GCC_C_LANGUAGE_STANDARD = gnu17;
				GCC_NO_COMMON_BLOCKS = YES;
				GCC_WARN_64_TO_32_BIT_CONVERSION = YES;
				GCC_WARN_ABOUT_RETURN_TYPE = YES_ERROR;
				GCC_WARN_UNDECLARED_SELECTOR = YES;
				GCC_WARN_UNINITIALIZED_AUTOS = YES_AGGRESSIVE;
				GCC_WARN_UNUSED_FUNCTION = YES;
				GCC_WARN_UNUSED_VARIABLE = YES;
				IPHONEOS_DEPLOYMENT_TARGET = 17.0;
				LOCALIZATION_PREFERS_STRING_CATALOGS = YES;
				MTL_ENABLE_DEBUG_INFO = NO;
				MTL_FAST_MATH = YES;
				SDKROOT = iphoneos;
				SWIFT_COMPILATION_MODE = wholemodule;
				VALIDATE_PRODUCT = YES;
			};
			name = Release;
		};
		B772759C2A34D82E00AE7170 /* Debug */ = {
			isa = XCBuildConfiguration;
			buildSettings = {
				ASSETCATALOG_COMPILER_APPICON_NAME = AppIcon;
				ASSETCATALOG_COMPILER_GLOBAL_ACCENT_COLOR_NAME = AccentColor;
				CODE_SIGN_STYLE = Automatic;
				CURRENT_PROJECT_VERSION = 1;
				DEVELOPMENT_ASSET_PATHS = "\"PokedexSwiftUI/Preview Content\"";
				DEVELOPMENT_TEAM = SF7SQWP435;
				ENABLE_PREVIEWS = YES;
				GENERATE_INFOPLIST_FILE = YES;
				INFOPLIST_KEY_UIApplicationSceneManifest_Generation = YES;
				INFOPLIST_KEY_UIApplicationSupportsIndirectInputEvents = YES;
				INFOPLIST_KEY_UILaunchScreen_Generation = YES;
				INFOPLIST_KEY_UISupportedInterfaceOrientations_iPad = "UIInterfaceOrientationPortrait UIInterfaceOrientationPortraitUpsideDown UIInterfaceOrientationLandscapeLeft UIInterfaceOrientationLandscapeRight";
				INFOPLIST_KEY_UISupportedInterfaceOrientations_iPhone = "UIInterfaceOrientationPortrait UIInterfaceOrientationLandscapeLeft UIInterfaceOrientationLandscapeRight";
				LD_RUNPATH_SEARCH_PATHS = (
					"$(inherited)",
					"@executable_path/Frameworks",
				);
				MARKETING_VERSION = 1.0;
				PRODUCT_BUNDLE_IDENTIFIER = com.kardusinfo.PokedexSwiftUI;
				PRODUCT_NAME = "$(TARGET_NAME)";
				SWIFT_EMIT_LOC_STRINGS = YES;
				SWIFT_VERSION = 5.0;
				TARGETED_DEVICE_FAMILY = "1,2";
			};
			name = Debug;
		};
		B772759D2A34D82E00AE7170 /* Release */ = {
			isa = XCBuildConfiguration;
			buildSettings = {
				ASSETCATALOG_COMPILER_APPICON_NAME = AppIcon;
				ASSETCATALOG_COMPILER_GLOBAL_ACCENT_COLOR_NAME = AccentColor;
				CODE_SIGN_STYLE = Automatic;
				CURRENT_PROJECT_VERSION = 1;
				DEVELOPMENT_ASSET_PATHS = "\"PokedexSwiftUI/Preview Content\"";
				DEVELOPMENT_TEAM = SF7SQWP435;
				ENABLE_PREVIEWS = YES;
				GENERATE_INFOPLIST_FILE = YES;
				INFOPLIST_KEY_UIApplicationSceneManifest_Generation = YES;
				INFOPLIST_KEY_UIApplicationSupportsIndirectInputEvents = YES;
				INFOPLIST_KEY_UILaunchScreen_Generation = YES;
				INFOPLIST_KEY_UISupportedInterfaceOrientations_iPad = "UIInterfaceOrientationPortrait UIInterfaceOrientationPortraitUpsideDown UIInterfaceOrientationLandscapeLeft UIInterfaceOrientationLandscapeRight";
				INFOPLIST_KEY_UISupportedInterfaceOrientations_iPhone = "UIInterfaceOrientationPortrait UIInterfaceOrientationLandscapeLeft UIInterfaceOrientationLandscapeRight";
				LD_RUNPATH_SEARCH_PATHS = (
					"$(inherited)",
					"@executable_path/Frameworks",
				);
				MARKETING_VERSION = 1.0;
				PRODUCT_BUNDLE_IDENTIFIER = com.kardusinfo.PokedexSwiftUI;
				PRODUCT_NAME = "$(TARGET_NAME)";
				SWIFT_EMIT_LOC_STRINGS = YES;
				SWIFT_VERSION = 5.0;
				TARGETED_DEVICE_FAMILY = "1,2";
			};
			name = Release;
		};
/* End XCBuildConfiguration section */

/* Begin XCConfigurationList section */
		B77275882A34D82D00AE7170 /* Build configuration list for PBXProject "PokedexSwiftUI" */ = {
			isa = XCConfigurationList;
			buildConfigurations = (
				B77275992A34D82E00AE7170 /* Debug */,
				B772759A2A34D82E00AE7170 /* Release */,
			);
			defaultConfigurationIsVisible = 0;
			defaultConfigurationName = Release;
		};
		B772759B2A34D82E00AE7170 /* Build configuration list for PBXNativeTarget "PokedexSwiftUI" */ = {
			isa = XCConfigurationList;
			buildConfigurations = (
				B772759C2A34D82E00AE7170 /* Debug */,
				B772759D2A34D82E00AE7170 /* Release */,
			);
			defaultConfigurationIsVisible = 0;
			defaultConfigurationName = Release;
		};
/* End XCConfigurationList section */

/* Begin XCRemoteSwiftPackageReference section */
		B77275A92A34E70C00AE7170 /* XCRemoteSwiftPackageReference "Kingfisher" */ = {
			isa = XCRemoteSwiftPackageReference;
			repositoryURL = "https://github.com/onevcat/Kingfisher.git";
			requirement = {
				kind = upToNextMajorVersion;
				minimumVersion = 7.7.0;
			};
		};
/* End XCRemoteSwiftPackageReference section */

/* Begin XCSwiftPackageProductDependency section */
		B77275AA2A34E70C00AE7170 /* Kingfisher */ = {
			isa = XCSwiftPackageProductDependency;
			package = B77275A92A34E70C00AE7170 /* XCRemoteSwiftPackageReference "Kingfisher" */;
			productName = Kingfisher;
		};
/* End XCSwiftPackageProductDependency section */
	};
	rootObject = B77275852A34D82D00AE7170 /* Project object */;
}
